// !$*UTF8*$!
{
	archiveVersion = 1;
	classes = {
	};
	objectVersion = 56;
	objects = {

/* Begin PBXBuildFile section */
		491DD35C28D6AE1000AB28E1 /* Nabla-Regular.ttf in Resources */ = {isa = PBXBuildFile; fileRef = 491DD35B28D6AE1000AB28E1 /* Nabla-Regular.ttf */; };
		491DD35F28D6AFA900AB28E1 /* GODOFWAR.TTF in Resources */ = {isa = PBXBuildFile; fileRef = 491DD35E28D6AFA900AB28E1 /* GODOFWAR.TTF */; };
		491DD36128D6C26000AB28E1 /* deleteFoodView.swift in Sources */ = {isa = PBXBuildFile; fileRef = 491DD36028D6C26000AB28E1 /* deleteFoodView.swift */; };
		499D564228D3B71E00D7204A /* ICaloriesApp.swift in Sources */ = {isa = PBXBuildFile; fileRef = 499D564128D3B71E00D7204A /* ICaloriesApp.swift */; };
		499D564428D3B71E00D7204A /* ContentView.swift in Sources */ = {isa = PBXBuildFile; fileRef = 499D564328D3B71E00D7204A /* ContentView.swift */; };
		499D564628D3B71F00D7204A /* Skyrus.png in Resources */ = {isa = PBXBuildFile; fileRef = 499D564528D3B71F00D7204A /* Skyrus.png */; };
		499D564928D3B71F00D7204A /* Preview Assets.xcassets in Resources */ = {isa = PBXBuildFile; fileRef = 499D564828D3B71F00D7204A /* Preview Assets.xcassets */; };
		499D565128D3B85B00D7204A /* FoodModel.xcdatamodeld in Sources */ = {isa = PBXBuildFile; fileRef = 499D564F28D3B85B00D7204A /* FoodModel.xcdatamodeld */; };
		499D565428D3BCEE00D7204A /* DataController.swift in Sources */ = {isa = PBXBuildFile; fileRef = 499D565328D3BCEE00D7204A /* DataController.swift */; };
		49CC925928D63D4900B55C37 /* EditFoodView.swift in Sources */ = {isa = PBXBuildFile; fileRef = 49CC925828D63D4900B55C37 /* EditFoodView.swift */; };
		49DA706528D4F19100D4CC64 /* Assets.xcassets in Resources */ = {isa = PBXBuildFile; fileRef = 49DA706428D4F19100D4CC64 /* Assets.xcassets */; };
		49DA706928D5050100D4CC64 /* addFoodView.swift in Sources */ = {isa = PBXBuildFile; fileRef = 49DA706828D5050100D4CC64 /* addFoodView.swift */; };
/* End PBXBuildFile section */

/* Begin PBXFileReference section */
		491DD35B28D6AE1000AB28E1 /* Nabla-Regular.ttf */ = {isa = PBXFileReference; lastKnownFileType = file; path = "Nabla-Regular.ttf"; sourceTree = "<group>"; };
		491DD35D28D6AE6E00AB28E1 /* Info.plist */ = {isa = PBXFileReference; lastKnownFileType = text.plist; path = Info.plist; sourceTree = "<group>"; };
		491DD35E28D6AFA900AB28E1 /* GODOFWAR.TTF */ = {isa = PBXFileReference; lastKnownFileType = file; path = GODOFWAR.TTF; sourceTree = "<group>"; };
		491DD36028D6C26000AB28E1 /* deleteFoodView.swift */ = {isa = PBXFileReference; lastKnownFileType = sourcecode.swift; path = deleteFoodView.swift; sourceTree = "<group>"; };
		499D563E28D3B71E00D7204A /* ICalories.app */ = {isa = PBXFileReference; explicitFileType = wrapper.application; includeInIndex = 0; path = ICalories.app; sourceTree = BUILT_PRODUCTS_DIR; };
		499D564128D3B71E00D7204A /* ICaloriesApp.swift */ = {isa = PBXFileReference; lastKnownFileType = sourcecode.swift; path = ICaloriesApp.swift; sourceTree = "<group>"; };
		499D564328D3B71E00D7204A /* ContentView.swift */ = {isa = PBXFileReference; lastKnownFileType = sourcecode.swift; path = ContentView.swift; sourceTree = "<group>"; };
		499D564528D3B71F00D7204A /* Skyrus.png */ = {isa = PBXFileReference; lastKnownFileType = image.png; name = Skyrus.png; path = ../../../../Downloads/Skyrus.png; sourceTree = "<group>"; };
		499D564828D3B71F00D7204A /* Preview Assets.xcassets */ = {isa = PBXFileReference; lastKnownFileType = folder.assetcatalog; path = "Preview Assets.xcassets"; sourceTree = "<group>"; };
		499D565028D3B85B00D7204A /* FoodModel.xcdatamodel */ = {isa = PBXFileReference; lastKnownFileType = wrapper.xcdatamodel; path = FoodModel.xcdatamodel; sourceTree = "<group>"; };
		499D565328D3BCEE00D7204A /* DataController.swift */ = {isa = PBXFileReference; indentWidth = 2; lastKnownFileType = sourcecode.swift; path = DataController.swift; sourceTree = "<group>"; tabWidth = 2; };
		49CC925828D63D4900B55C37 /* EditFoodView.swift */ = {isa = PBXFileReference; lastKnownFileType = sourcecode.swift; path = EditFoodView.swift; sourceTree = "<group>"; };
		49DA706428D4F19100D4CC64 /* Assets.xcassets */ = {isa = PBXFileReference; lastKnownFileType = folder.assetcatalog; path = Assets.xcassets; sourceTree = "<group>"; };
		49DA706828D5050100D4CC64 /* addFoodView.swift */ = {isa = PBXFileReference; lastKnownFileType = sourcecode.swift; path = addFoodView.swift; sourceTree = "<group>"; };
/* End PBXFileReference section */

/* Begin PBXFrameworksBuildPhase section */
		499D563B28D3B71E00D7204A /* Frameworks */ = {
			isa = PBXFrameworksBuildPhase;
			buildActionMask = 2147483647;
			files = (
			);
			runOnlyForDeploymentPostprocessing = 0;
		};
/* End PBXFrameworksBuildPhase section */

/* Begin PBXGroup section */
		499D563528D3B71E00D7204A = {
			isa = PBXGroup;
			children = (
				499D564028D3B71E00D7204A /* ICalories */,
				499D563F28D3B71E00D7204A /* Products */,
			);
			sourceTree = "<group>";
		};
		499D563F28D3B71E00D7204A /* Products */ = {
			isa = PBXGroup;
			children = (
				499D563E28D3B71E00D7204A /* ICalories.app */,
			);
			name = Products;
			sourceTree = "<group>";
		};
		499D564028D3B71E00D7204A /* ICalories */ = {
			isa = PBXGroup;
			children = (
				491DD35D28D6AE6E00AB28E1 /* Info.plist */,
				49DA706428D4F19100D4CC64 /* Assets.xcassets */,
				499D565228D3BC0C00D7204A /* DataModel */,
				499D564128D3B71E00D7204A /* ICaloriesApp.swift */,
				491DD36028D6C26000AB28E1 /* deleteFoodView.swift */,
				49CC925828D63D4900B55C37 /* EditFoodView.swift */,
				499D564328D3B71E00D7204A /* ContentView.swift */,
				49DA706828D5050100D4CC64 /* addFoodView.swift */,
				499D564528D3B71F00D7204A /* Skyrus.png */,
				499D564728D3B71F00D7204A /* Preview Content */,
			);
			path = ICalories;
			sourceTree = "<group>";
		};
		499D564728D3B71F00D7204A /* Preview Content */ = {
			isa = PBXGroup;
			children = (
				499D564828D3B71F00D7204A /* Preview Assets.xcassets */,
			);
			path = "Preview Content";
			sourceTree = "<group>";
		};
		499D565228D3BC0C00D7204A /* DataModel */ = {
			isa = PBXGroup;
			children = (
				491DD35E28D6AFA900AB28E1 /* GODOFWAR.TTF */,
				491DD35B28D6AE1000AB28E1 /* Nabla-Regular.ttf */,
				499D565328D3BCEE00D7204A /* DataController.swift */,
				499D564F28D3B85B00D7204A /* FoodModel.xcdatamodeld */,
			);
			path = DataModel;
			sourceTree = "<group>";
		};
/* End PBXGroup section */

/* Begin PBXNativeTarget section */
		499D563D28D3B71E00D7204A /* ICalories */ = {
			isa = PBXNativeTarget;
			buildConfigurationList = 499D564C28D3B71F00D7204A /* Build configuration list for PBXNativeTarget "ICalories" */;
			buildPhases = (
				499D563A28D3B71E00D7204A /* Sources */,
				499D563B28D3B71E00D7204A /* Frameworks */,
				499D563C28D3B71E00D7204A /* Resources */,
			);
			buildRules = (
			);
			dependencies = (
			);
			name = ICalories;
			productName = ICalories;
			productReference = 499D563E28D3B71E00D7204A /* ICalories.app */;
			productType = "com.apple.product-type.application";
		};
/* End PBXNativeTarget section */

/* Begin PBXProject section */
		499D563628D3B71E00D7204A /* Project object */ = {
			isa = PBXProject;
			attributes = {
				BuildIndependentTargetsInParallel = 1;
				LastSwiftUpdateCheck = 1400;
				LastUpgradeCheck = 1400;
				TargetAttributes = {
					499D563D28D3B71E00D7204A = {
						CreatedOnToolsVersion = 14.0;
					};
				};
			};
			buildConfigurationList = 499D563928D3B71E00D7204A /* Build configuration list for PBXProject "ICalories" */;
			compatibilityVersion = "Xcode 14.0";
			developmentRegion = en;
			hasScannedForEncodings = 0;
			knownRegions = (
				en,
				Base,
			);
			mainGroup = 499D563528D3B71E00D7204A;
			productRefGroup = 499D563F28D3B71E00D7204A /* Products */;
			projectDirPath = "";
			projectRoot = "";
			targets = (
				499D563D28D3B71E00D7204A /* ICalories */,
			);
		};
/* End PBXProject section */

/* Begin PBXResourcesBuildPhase section */
		499D563C28D3B71E00D7204A /* Resources */ = {
			isa = PBXResourcesBuildPhase;
			buildActionMask = 2147483647;
			files = (
				499D564928D3B71F00D7204A /* Preview Assets.xcassets in Resources */,
				49DA706528D4F19100D4CC64 /* Assets.xcassets in Resources */,
				491DD35C28D6AE1000AB28E1 /* Nabla-Regular.ttf in Resources */,
				491DD35F28D6AFA900AB28E1 /* GODOFWAR.TTF in Resources */,
				499D564628D3B71F00D7204A /* Skyrus.png in Resources */,
			);
			runOnlyForDeploymentPostprocessing = 0;
		};
/* End PBXResourcesBuildPhase section */

/* Begin PBXSourcesBuildPhase section */
		499D563A28D3B71E00D7204A /* Sources */ = {
			isa = PBXSourcesBuildPhase;
			buildActionMask = 2147483647;
			files = (
				49DA706928D5050100D4CC64 /* addFoodView.swift in Sources */,
				499D564428D3B71E00D7204A /* ContentView.swift in Sources */,
				49CC925928D63D4900B55C37 /* EditFoodView.swift in Sources */,
				499D565428D3BCEE00D7204A /* DataController.swift in Sources */,
				499D564228D3B71E00D7204A /* ICaloriesApp.swift in Sources */,
				499D565128D3B85B00D7204A /* FoodModel.xcdatamodeld in Sources */,
				491DD36128D6C26000AB28E1 /* deleteFoodView.swift in Sources */,
			);
			runOnlyForDeploymentPostprocessing = 0;
		};
/* End PBXSourcesBuildPhase section */

/* Begin XCBuildConfiguration section */
		499D564A28D3B71F00D7204A /* Debug */ = {
			isa = XCBuildConfiguration;
			buildSettings = {
				ALWAYS_SEARCH_USER_PATHS = NO;
				CLANG_ANALYZER_NONNULL = YES;
				CLANG_ANALYZER_NUMBER_OBJECT_CONVERSION = YES_AGGRESSIVE;
				CLANG_CXX_LANGUAGE_STANDARD = "gnu++20";
				CLANG_ENABLE_MODULES = YES;
				CLANG_ENABLE_OBJC_ARC = YES;
				CLANG_ENABLE_OBJC_WEAK = YES;
				CLANG_WARN_BLOCK_CAPTURE_AUTORELEASING = YES;
				CLANG_WARN_BOOL_CONVERSION = YES;
				CLANG_WARN_COMMA = YES;
				CLANG_WARN_CONSTANT_CONVERSION = YES;
				CLANG_WARN_DEPRECATED_OBJC_IMPLEMENTATIONS = YES;
				CLANG_WARN_DIRECT_OBJC_ISA_USAGE = YES_ERROR;
				CLANG_WARN_DOCUMENTATION_COMMENTS = YES;
				CLANG_WARN_EMPTY_BODY = YES;
				CLANG_WARN_ENUM_CONVERSION = YES;
				CLANG_WARN_INFINITE_RECURSION = YES;
				CLANG_WARN_INT_CONVERSION = YES;
				CLANG_WARN_NON_LITERAL_NULL_CONVERSION = YES;
				CLANG_WARN_OBJC_IMPLICIT_RETAIN_SELF = YES;
				CLANG_WARN_OBJC_LITERAL_CONVERSION = YES;
				CLANG_WARN_OBJC_ROOT_CLASS = YES_ERROR;
				CLANG_WARN_QUOTED_INCLUDE_IN_FRAMEWORK_HEADER = YES;
				CLANG_WARN_RANGE_LOOP_ANALYSIS = YES;
				CLANG_WARN_STRICT_PROTOTYPES = YES;
				CLANG_WARN_SUSPICIOUS_MOVE = YES;
				CLANG_WARN_UNGUARDED_AVAILABILITY = YES_AGGRESSIVE;
				CLANG_WARN_UNREACHABLE_CODE = YES;
				CLANG_WARN__DUPLICATE_METHOD_MATCH = YES;
				COPY_PHASE_STRIP = NO;
				DEBUG_INFORMATION_FORMAT = dwarf;
				ENABLE_STRICT_OBJC_MSGSEND = YES;
				ENABLE_TESTABILITY = YES;
				GCC_C_LANGUAGE_STANDARD = gnu11;
				GCC_DYNAMIC_NO_PIC = NO;
				GCC_NO_COMMON_BLOCKS = YES;
				GCC_OPTIMIZATION_LEVEL = 0;
				GCC_PREPROCESSOR_DEFINITIONS = (
					"DEBUG=1",
					"$(inherited)",
				);
				GCC_WARN_64_TO_32_BIT_CONVERSION = YES;
				GCC_WARN_ABOUT_RETURN_TYPE = YES_ERROR;
				GCC_WARN_UNDECLARED_SELECTOR = YES;
				GCC_WARN_UNINITIALIZED_AUTOS = YES_AGGRESSIVE;
				GCC_WARN_UNUSED_FUNCTION = YES;
				GCC_WARN_UNUSED_VARIABLE = YES;
				IPHONEOS_DEPLOYMENT_TARGET = 16.0;
				MTL_ENABLE_DEBUG_INFO = INCLUDE_SOURCE;
				MTL_FAST_MATH = YES;
				ONLY_ACTIVE_ARCH = YES;
				SDKROOT = iphoneos;
				SWIFT_ACTIVE_COMPILATION_CONDITIONS = DEBUG;
				SWIFT_OPTIMIZATION_LEVEL = "-Onone";
			};
			name = Debug;
		};
		499D564B28D3B71F00D7204A /* Release */ = {
			isa = XCBuildConfiguration;
			buildSettings = {
				ALWAYS_SEARCH_USER_PATHS = NO;
				CLANG_ANALYZER_NONNULL = YES;
				CLANG_ANALYZER_NUMBER_OBJECT_CONVERSION = YES_AGGRESSIVE;
				CLANG_CXX_LANGUAGE_STANDARD = "gnu++20";
				CLANG_ENABLE_MODULES = YES;
				CLANG_ENABLE_OBJC_ARC = YES;
				CLANG_ENABLE_OBJC_WEAK = YES;
				CLANG_WARN_BLOCK_CAPTURE_AUTORELEASING = YES;
				CLANG_WARN_BOOL_CONVERSION = YES;
				CLANG_WARN_COMMA = YES;
				CLANG_WARN_CONSTANT_CONVERSION = YES;
				CLANG_WARN_DEPRECATED_OBJC_IMPLEMENTATIONS = YES;
				CLANG_WARN_DIRECT_OBJC_ISA_USAGE = YES_ERROR;
				CLANG_WARN_DOCUMENTATION_COMMENTS = YES;
				CLANG_WARN_EMPTY_BODY = YES;
				CLANG_WARN_ENUM_CONVERSION = YES;
				CLANG_WARN_INFINITE_RECURSION = YES;
				CLANG_WARN_INT_CONVERSION = YES;
				CLANG_WARN_NON_LITERAL_NULL_CONVERSION = YES;
				CLANG_WARN_OBJC_IMPLICIT_RETAIN_SELF = YES;
				CLANG_WARN_OBJC_LITERAL_CONVERSION = YES;
				CLANG_WARN_OBJC_ROOT_CLASS = YES_ERROR;
				CLANG_WARN_QUOTED_INCLUDE_IN_FRAMEWORK_HEADER = YES;
				CLANG_WARN_RANGE_LOOP_ANALYSIS = YES;
				CLANG_WARN_STRICT_PROTOTYPES = YES;
				CLANG_WARN_SUSPICIOUS_MOVE = YES;
				CLANG_WARN_UNGUARDED_AVAILABILITY = YES_AGGRESSIVE;
				CLANG_WARN_UNREACHABLE_CODE = YES;
				CLANG_WARN__DUPLICATE_METHOD_MATCH = YES;
				COPY_PHASE_STRIP = NO;
				DEBUG_INFORMATION_FORMAT = "dwarf-with-dsym";
				ENABLE_NS_ASSERTIONS = NO;
				ENABLE_STRICT_OBJC_MSGSEND = YES;
				GCC_C_LANGUAGE_STANDARD = gnu11;
				GCC_NO_COMMON_BLOCKS = YES;
				GCC_WARN_64_TO_32_BIT_CONVERSION = YES;
				GCC_WARN_ABOUT_RETURN_TYPE = YES_ERROR;
				GCC_WARN_UNDECLARED_SELECTOR = YES;
				GCC_WARN_UNINITIALIZED_AUTOS = YES_AGGRESSIVE;
				GCC_WARN_UNUSED_FUNCTION = YES;
				GCC_WARN_UNUSED_VARIABLE = YES;
				IPHONEOS_DEPLOYMENT_TARGET = 16.0;
				MTL_ENABLE_DEBUG_INFO = NO;
				MTL_FAST_MATH = YES;
				SDKROOT = iphoneos;
				SWIFT_COMPILATION_MODE = wholemodule;
				SWIFT_OPTIMIZATION_LEVEL = "-O";
				VALIDATE_PRODUCT = YES;
			};
			name = Release;
		};
		499D564D28D3B71F00D7204A /* Debug */ = {
			isa = XCBuildConfiguration;
			buildSettings = {
				ASSETCATALOG_COMPILER_APPICON_NAME = AppIcon;
				ASSETCATALOG_COMPILER_GLOBAL_ACCENT_COLOR_NAME = AccentColor;
				CODE_SIGN_STYLE = Automatic;
				CURRENT_PROJECT_VERSION = 1;
				DEVELOPMENT_ASSET_PATHS = "\"ICalories/Preview Content\"";
				DEVELOPMENT_TEAM = SYWY3FGBS5;
				ENABLE_PREVIEWS = YES;
				GENERATE_INFOPLIST_FILE = YES;
				INFOPLIST_FILE = ICalories/Info.plist;
				INFOPLIST_KEY_UIApplicationSceneManifest_Generation = YES;
				INFOPLIST_KEY_UIApplicationSupportsIndirectInputEvents = YES;
				INFOPLIST_KEY_UILaunchScreen_Generation = YES;
				INFOPLIST_KEY_UISupportedInterfaceOrientations_iPad = "UIInterfaceOrientationPortrait UIInterfaceOrientationPortraitUpsideDown UIInterfaceOrientationLandscapeLeft UIInterfaceOrientationLandscapeRight";
				INFOPLIST_KEY_UISupportedInterfaceOrientations_iPhone = "UIInterfaceOrientationPortrait UIInterfaceOrientationLandscapeLeft UIInterfaceOrientationLandscapeRight";
				LD_RUNPATH_SEARCH_PATHS = (
					"$(inherited)",
					"@executable_path/Frameworks",
				);
				MARKETING_VERSION = 1.0;
				PRODUCT_BUNDLE_IDENTIFIER = br.com.skyrus.ICalories;
				PRODUCT_NAME = "$(TARGET_NAME)";
				SWIFT_EMIT_LOC_STRINGS = YES;
				SWIFT_VERSION = 5.0;
				TARGETED_DEVICE_FAMILY = "1,2";
			};
			name = Debug;
		};
		499D564E28D3B71F00D7204A /* Release */ = {
			isa = XCBuildConfiguration;
			buildSettings = {
				ASSETCATALOG_COMPILER_APPICON_NAME = AppIcon;
				ASSETCATALOG_COMPILER_GLOBAL_ACCENT_COLOR_NAME = AccentColor;
				CODE_SIGN_STYLE = Automatic;
				CURRENT_PROJECT_VERSION = 1;
				DEVELOPMENT_ASSET_PATHS = "\"ICalories/Preview Content\"";
				DEVELOPMENT_TEAM = SYWY3FGBS5;
				ENABLE_PREVIEWS = YES;
				GENERATE_INFOPLIST_FILE = YES;
				INFOPLIST_FILE = ICalories/Info.plist;
				INFOPLIST_KEY_UIApplicationSceneManifest_Generation = YES;
				INFOPLIST_KEY_UIApplicationSupportsIndirectInputEvents = YES;
				INFOPLIST_KEY_UILaunchScreen_Generation = YES;
				INFOPLIST_KEY_UISupportedInterfaceOrientations_iPad = "UIInterfaceOrientationPortrait UIInterfaceOrientationPortraitUpsideDown UIInterfaceOrientationLandscapeLeft UIInterfaceOrientationLandscapeRight";
				INFOPLIST_KEY_UISupportedInterfaceOrientations_iPhone = "UIInterfaceOrientationPortrait UIInterfaceOrientationLandscapeLeft UIInterfaceOrientationLandscapeRight";
				LD_RUNPATH_SEARCH_PATHS = (
					"$(inherited)",
					"@executable_path/Frameworks",
				);
				MARKETING_VERSION = 1.0;
				PRODUCT_BUNDLE_IDENTIFIER = br.com.skyrus.ICalories;
				PRODUCT_NAME = "$(TARGET_NAME)";
				SWIFT_EMIT_LOC_STRINGS = YES;
				SWIFT_VERSION = 5.0;
				TARGETED_DEVICE_FAMILY = "1,2";
			};
			name = Release;
		};
/* End XCBuildConfiguration section */

/* Begin XCConfigurationList section */
		499D563928D3B71E00D7204A /* Build configuration list for PBXProject "ICalories" */ = {
			isa = XCConfigurationList;
			buildConfigurations = (
				499D564A28D3B71F00D7204A /* Debug */,
				499D564B28D3B71F00D7204A /* Release */,
			);
			defaultConfigurationIsVisible = 0;
			defaultConfigurationName = Release;
		};
		499D564C28D3B71F00D7204A /* Build configuration list for PBXNativeTarget "ICalories" */ = {
			isa = XCConfigurationList;
			buildConfigurations = (
				499D564D28D3B71F00D7204A /* Debug */,
				499D564E28D3B71F00D7204A /* Release */,
			);
			defaultConfigurationIsVisible = 0;
			defaultConfigurationName = Release;
		};
/* End XCConfigurationList section */

/* Begin XCVersionGroup section */
		499D564F28D3B85B00D7204A /* FoodModel.xcdatamodeld */ = {
			isa = XCVersionGroup;
			children = (
				499D565028D3B85B00D7204A /* FoodModel.xcdatamodel */,
			);
			currentVersion = 499D565028D3B85B00D7204A /* FoodModel.xcdatamodel */;
			path = FoodModel.xcdatamodeld;
			sourceTree = "<group>";
			versionGroupType = wrapper.xcdatamodel;
		};
/* End XCVersionGroup section */
	};
	rootObject = 499D563628D3B71E00D7204A /* Project object */;
}
